
Microsoft Visual Studio Solution File, Format Version 12.00
# Visual Studio 15
VisualStudioVersion = 15.0.28307.960
MinimumVisualStudioVersion = 10.0.40219.1
Project("{FAE04EC0-301F-11D3-BF4B-00C04F79EFBC}") = "wpfBasics", "wpfBasics\wpfBasics.csproj", "{6EF8CC42-AB34-4463-8A6A-1C5EBEB30FCE}"
EndProject
Project("{FAE04EC0-301F-11D3-BF4B-00C04F79EFBC}") = "WpfTreeView", "WpfTreeView\WpfTreeView.csproj", "{6983C776-99CD-4E82-ADB3-9C60DF888BC3}"
EndProject
Project("{FAE04EC0-301F-11D3-BF4B-00C04F79EFBC}") = "03_WpfMVVM", "03_WpfMVVM\03_WpfMVVM.csproj", "{BCE6B4C5-AE1B-425D-B154-F0CE5CCDA730}"
EndProject
Project("{FAE04EC0-301F-11D3-BF4B-00C04F79EFBC}") = "Fasetto.Word", "Fasetto.Word\Fasetto.Word.csproj", "{2E7097CE-FDE4-4683-ABF0-BAC085173B2F}"
EndProject
Project("{2150E333-8FDC-42A3-9474-1A3956D46DE8}") = "Example", "Example", "{6CCA7B0A-A401-420C-B1B7-ED80DD41B87B}"
EndProject
Global
	GlobalSection(SolutionConfigurationPlatforms) = preSolution
		Debug|Any CPU = Debug|Any CPU
		Release|Any CPU = Release|Any CPU
	EndGlobalSection
	GlobalSection(ProjectConfigurationPlatforms) = postSolution
		{6EF8CC42-AB34-4463-8A6A-1C5EBEB30FCE}.Debug|Any CPU.ActiveCfg = Debug|Any CPU
		{6EF8CC42-AB34-4463-8A6A-1C5EBEB30FCE}.Debug|Any CPU.Build.0 = Debug|Any CPU
		{6EF8CC42-AB34-4463-8A6A-1C5EBEB30FCE}.Release|Any CPU.ActiveCfg = Release|Any CPU
		{6EF8CC42-AB34-4463-8A6A-1C5EBEB30FCE}.Release|Any CPU.Build.0 = Release|Any CPU
		{6983C776-99CD-4E82-ADB3-9C60DF888BC3}.Debug|Any CPU.ActiveCfg = Debug|Any CPU
		{6983C776-99CD-4E82-ADB3-9C60DF888BC3}.Debug|Any CPU.Build.0 = Debug|Any CPU
		{6983C776-99CD-4E82-ADB3-9C60DF888BC3}.Release|Any CPU.ActiveCfg = Release|Any CPU
		{6983C776-99CD-4E82-ADB3-9C60DF888BC3}.Release|Any CPU.Build.0 = Release|Any CPU
		{BCE6B4C5-AE1B-425D-B154-F0CE5CCDA730}.Debug|Any CPU.ActiveCfg = Debug|Any CPU
		{BCE6B4C5-AE1B-425D-B154-F0CE5CCDA730}.Debug|Any CPU.Build.0 = Debug|Any CPU
		{BCE6B4C5-AE1B-425D-B154-F0CE5CCDA730}.Release|Any CPU.ActiveCfg = Release|Any CPU
		{BCE6B4C5-AE1B-425D-B154-F0CE5CCDA730}.Release|Any CPU.Build.0 = Release|Any CPU
		{2E7097CE-FDE4-4683-ABF0-BAC085173B2F}.Debug|Any CPU.ActiveCfg = Debug|Any CPU
		{2E7097CE-FDE4-4683-ABF0-BAC085173B2F}.Debug|Any CPU.Build.0 = Debug|Any CPU
		{2E7097CE-FDE4-4683-ABF0-BAC085173B2F}.Release|Any CPU.ActiveCfg = Release|Any CPU
		{2E7097CE-FDE4-4683-ABF0-BAC085173B2F}.Release|Any CPU.Build.0 = Release|Any CPU
	EndGlobalSection
	GlobalSection(SolutionProperties) = preSolution
		HideSolutionNode = FALSE
	EndGlobalSection
	GlobalSection(NestedProjects) = preSolution
		{6EF8CC42-AB34-4463-8A6A-1C5EBEB30FCE} = {6CCA7B0A-A401-420C-B1B7-ED80DD41B87B}
		{6983C776-99CD-4E82-ADB3-9C60DF888BC3} = {6CCA7B0A-A401-420C-B1B7-ED80DD41B87B}
		{BCE6B4C5-AE1B-425D-B154-F0CE5CCDA730} = {6CCA7B0A-A401-420C-B1B7-ED80DD41B87B}
	EndGlobalSection
	GlobalSection(ExtensibilityGlobals) = postSolution
		SolutionGuid = {676C40D3-A8BD-4F03-BF26-28DFD4D3A677}
	EndGlobalSection
EndGlobal
